
Microsoft Visual Studio Solution File, Format Version 12.00
# Visual Studio 15
VisualStudioVersion = 15.0.28307.329
MinimumVisualStudioVersion = 10.0.40219.1
Project("{FAE04EC0-301F-11D3-BF4B-00C04F79EFBC}") = "AlibabaCloudElasticsearch.WebNetCore", "AlibabaCloudElasticsearch.WebNetCore\AlibabaCloudElasticsearch.WebNetCore.csproj", "{96D31E44-0927-4B2D-9764-D3B7BA0510F0}"
EndProject
Global
	GlobalSection(SolutionConfigurationPlatforms) = preSolution
		Debug|Any CPU = Debug|Any CPU
		Release|Any CPU = Release|Any CPU
	EndGlobalSection
	GlobalSection(ProjectConfigurationPlatforms) = postSolution
		{96D31E44-0927-4B2D-9764-D3B7BA0510F0}.Debug|Any CPU.ActiveCfg = Debug|Any CPU
		{96D31E44-0927-4B2D-9764-D3B7BA0510F0}.Debug|Any CPU.Build.0 = Debug|Any CPU
		{96D31E44-0927-4B2D-9764-D3B7BA0510F0}.Release|Any CPU.ActiveCfg = Release|Any CPU
		{96D31E44-0927-4B2D-9764-D3B7BA0510F0}.Release|Any CPU.Build.0 = Release|Any CPU
	EndGlobalSection
	GlobalSection(SolutionProperties) = preSolution
		HideSolutionNode = FALSE
	EndGlobalSection
	GlobalSection(ExtensibilityGlobals) = postSolution
		SolutionGuid = {F985E3B0-51F8-41C8-BB56-D2C18EDC369D}
	EndGlobalSection
EndGlobal
